
Microsoft Visual Studio Solution File, Format Version 12.00
# Visual Studio Version 17
VisualStudioVersion = 17.1.32319.34
MinimumVisualStudioVersion = 10.0.40219.1
Project("{2150E333-8FDC-42A3-9474-1A3956D46DE8}") = "Solution Items", "Solution Items", "{39C235F1-F140-4E98-A7AD-F0C0158237FB}"
	ProjectSection(SolutionItems) = preProject
		.editorconfig = .editorconfig
		.gitignore = .gitignore
		README.md = README.md
	EndProjectSection
EndProject
Project("{2150E333-8FDC-42A3-9474-1A3956D46DE8}") = "src", "src", "{2FB87A20-5852-4A56-9585-A869E0C6F88E}"
EndProject
Project("{9A19103F-16F7-4668-BE54-9A1E7A4F7556}") = "Application", "src\Application\Application.csproj", "{CF41264D-35F7-467E-8EF7-EC6C67EE77C3}"
EndProject
Project("{9A19103F-16F7-4668-BE54-9A1E7A4F7556}") = "Infrastructure", "src\Infrastructure\Infrastructure.csproj", "{41A18AD8-4FEF-4DDA-8DBA-572B0BD3BB0D}"
EndProject
Project("{9A19103F-16F7-4668-BE54-9A1E7A4F7556}") = "Domain", "src\Domain\Domain.csproj", "{649119D2-91E7-4429-9A45-83EA43B5F533}"
EndProject
Project("{2150E333-8FDC-42A3-9474-1A3956D46DE8}") = "tests", "tests", "{EF9867A7-5540-4254-892D-52CCD83978CB}"
EndProject
Project("{9A19103F-16F7-4668-BE54-9A1E7A4F7556}") = "WebApi", "src\WebApi\WebApi.csproj", "{8458972B-9A34-4E6B-9A01-522CB327B527}"
EndProject
Project("{9A19103F-16F7-4668-BE54-9A1E7A4F7556}") = "StubGenerator.Tests", "tests\StubGenerator.Tests\StubGenerator.Tests.csproj", "{5ADC52B0-2A12-422B-8027-688835405060}"
EndProject
Project("{9A19103F-16F7-4668-BE54-9A1E7A4F7556}") = "StubGenerator", "src\StubGenerator\StubGenerator.csproj", "{B4F6C6EB-B706-49BF-A881-00C9EDB05539}"
EndProject
Project("{54A90642-561A-4BB1-A94E-469ADEE60C69}") = "React", "src\react-frontend\React.esproj", "{4C65C2F2-8584-4E96-8899-774E4DD5735C}"
EndProject
Project("{2150E333-8FDC-42A3-9474-1A3956D46DE8}") = "UI", "UI", "{AAAFF0F9-2631-486C-A77E-B7C404625237}"
EndProject
Project("{2150E333-8FDC-42A3-9474-1A3956D46DE8}") = "Back", "Back", "{6B8A0E3B-796E-489A-90FC-C843D3EBBDCB}"
EndProject
Global
	GlobalSection(SolutionConfigurationPlatforms) = preSolution
		Debug|Any CPU = Debug|Any CPU
		Release|Any CPU = Release|Any CPU
	EndGlobalSection
	GlobalSection(ProjectConfigurationPlatforms) = postSolution
		{CF41264D-35F7-467E-8EF7-EC6C67EE77C3}.Debug|Any CPU.ActiveCfg = Debug|Any CPU
		{CF41264D-35F7-467E-8EF7-EC6C67EE77C3}.Debug|Any CPU.Build.0 = Debug|Any CPU
		{CF41264D-35F7-467E-8EF7-EC6C67EE77C3}.Release|Any CPU.ActiveCfg = Release|Any CPU
		{CF41264D-35F7-467E-8EF7-EC6C67EE77C3}.Release|Any CPU.Build.0 = Release|Any CPU
		{41A18AD8-4FEF-4DDA-8DBA-572B0BD3BB0D}.Debug|Any CPU.ActiveCfg = Debug|Any CPU
		{41A18AD8-4FEF-4DDA-8DBA-572B0BD3BB0D}.Debug|Any CPU.Build.0 = Debug|Any CPU
		{41A18AD8-4FEF-4DDA-8DBA-572B0BD3BB0D}.Release|Any CPU.ActiveCfg = Release|Any CPU
		{41A18AD8-4FEF-4DDA-8DBA-572B0BD3BB0D}.Release|Any CPU.Build.0 = Release|Any CPU
		{649119D2-91E7-4429-9A45-83EA43B5F533}.Debug|Any CPU.ActiveCfg = Debug|Any CPU
		{649119D2-91E7-4429-9A45-83EA43B5F533}.Debug|Any CPU.Build.0 = Debug|Any CPU
		{649119D2-91E7-4429-9A45-83EA43B5F533}.Release|Any CPU.ActiveCfg = Release|Any CPU
		{649119D2-91E7-4429-9A45-83EA43B5F533}.Release|Any CPU.Build.0 = Release|Any CPU
		{8458972B-9A34-4E6B-9A01-522CB327B527}.Debug|Any CPU.ActiveCfg = Debug|Any CPU
		{8458972B-9A34-4E6B-9A01-522CB327B527}.Debug|Any CPU.Build.0 = Debug|Any CPU
		{8458972B-9A34-4E6B-9A01-522CB327B527}.Release|Any CPU.ActiveCfg = Release|Any CPU
		{8458972B-9A34-4E6B-9A01-522CB327B527}.Release|Any CPU.Build.0 = Release|Any CPU
		{5ADC52B0-2A12-422B-8027-688835405060}.Debug|Any CPU.ActiveCfg = Debug|Any CPU
		{5ADC52B0-2A12-422B-8027-688835405060}.Debug|Any CPU.Build.0 = Debug|Any CPU
		{5ADC52B0-2A12-422B-8027-688835405060}.Release|Any CPU.ActiveCfg = Release|Any CPU
		{5ADC52B0-2A12-422B-8027-688835405060}.Release|Any CPU.Build.0 = Release|Any CPU
		{B4F6C6EB-B706-49BF-A881-00C9EDB05539}.Debug|Any CPU.ActiveCfg = Debug|Any CPU
		{B4F6C6EB-B706-49BF-A881-00C9EDB05539}.Debug|Any CPU.Build.0 = Debug|Any CPU
		{B4F6C6EB-B706-49BF-A881-00C9EDB05539}.Release|Any CPU.ActiveCfg = Release|Any CPU
		{B4F6C6EB-B706-49BF-A881-00C9EDB05539}.Release|Any CPU.Build.0 = Release|Any CPU
		{4C65C2F2-8584-4E96-8899-774E4DD5735C}.Debug|Any CPU.ActiveCfg = Debug|Any CPU
		{4C65C2F2-8584-4E96-8899-774E4DD5735C}.Debug|Any CPU.Build.0 = Debug|Any CPU
		{4C65C2F2-8584-4E96-8899-774E4DD5735C}.Debug|Any CPU.Deploy.0 = Debug|Any CPU
		{4C65C2F2-8584-4E96-8899-774E4DD5735C}.Release|Any CPU.ActiveCfg = Release|Any CPU
		{4C65C2F2-8584-4E96-8899-774E4DD5735C}.Release|Any CPU.Build.0 = Release|Any CPU
		{4C65C2F2-8584-4E96-8899-774E4DD5735C}.Release|Any CPU.Deploy.0 = Release|Any CPU
	EndGlobalSection
	GlobalSection(SolutionProperties) = preSolution
		HideSolutionNode = FALSE
	EndGlobalSection
	GlobalSection(NestedProjects) = preSolution
		{CF41264D-35F7-467E-8EF7-EC6C67EE77C3} = {6B8A0E3B-796E-489A-90FC-C843D3EBBDCB}
		{41A18AD8-4FEF-4DDA-8DBA-572B0BD3BB0D} = {6B8A0E3B-796E-489A-90FC-C843D3EBBDCB}
		{649119D2-91E7-4429-9A45-83EA43B5F533} = {6B8A0E3B-796E-489A-90FC-C843D3EBBDCB}
		{8458972B-9A34-4E6B-9A01-522CB327B527} = {6B8A0E3B-796E-489A-90FC-C843D3EBBDCB}
		{5ADC52B0-2A12-422B-8027-688835405060} = {EF9867A7-5540-4254-892D-52CCD83978CB}
		{B4F6C6EB-B706-49BF-A881-00C9EDB05539} = {6B8A0E3B-796E-489A-90FC-C843D3EBBDCB}
		{4C65C2F2-8584-4E96-8899-774E4DD5735C} = {AAAFF0F9-2631-486C-A77E-B7C404625237}
		{AAAFF0F9-2631-486C-A77E-B7C404625237} = {2FB87A20-5852-4A56-9585-A869E0C6F88E}
		{6B8A0E3B-796E-489A-90FC-C843D3EBBDCB} = {2FB87A20-5852-4A56-9585-A869E0C6F88E}
	EndGlobalSection
	GlobalSection(ExtensibilityGlobals) = postSolution
		SolutionGuid = {80DA5CCF-1E61-4541-AA2A-CE19C6744FF3}
	EndGlobalSection
EndGlobal
